{
  "name": "msal-testing",
  "version": "1.0.0",
  "lockfileVersion": 1,
  "requires": true,
  "dependencies": {
    "msal": {
      "version": "1.2.1",
      "resolved": "https://registry.npmjs.org/msal/-/msal-1.2.1.tgz",
      "integrity": "sha512-Zo28eyRtT/Un+zcpMfPtTPD+eo/OqzsRER0k5dyk8Mje/K1oLlaEOAgZHlJs59Y2xyuVg8OrcKqSn/1MeNjZYw==",
      "requires": {
        "tslib": "^1.9.3"
      }
    },
    "tslib": {
      "version": "1.14.1",
      "resolved": "https://registry.npmjs.org/tslib/-/tslib-1.14.1.tgz",
      "integrity": "sha512-Xni35NKzjgMrwevysHTCArtLDpPvye8zV/0E4EyYn43P7/7qvQwPh9BGkHewbMulVntbigmcT7rdX3BNo9wRJg=="
    }
  }
}
